// !$*UTF8*$!
{
	archiveVersion = 1;
	classes = {
	};
	objectVersion = 46;
	objects = {

/* Begin PBXBuildFile section */
		546159171F42726E005F970A /* SpreadsheetGrammar.swift in Sources */ = {isa = PBXBuildFile; fileRef = 546159131F42726E005F970A /* SpreadsheetGrammar.swift */; };
		549F2A831F43BF54002E2C99 /* main.swift in Sources */ = {isa = PBXBuildFile; fileRef = 549F2A821F43BF54002E2C99 /* main.swift */; };
		549F2A851F43BF5C002E2C99 /* GrammarRule.swift in Sources */ = {isa = PBXBuildFile; fileRef = 549F2A841F43BF5C002E2C99 /* GrammarRule.swift */; };
		549F2A871F43C00D002E2C99 /* Tokens.swift in Sources */ = {isa = PBXBuildFile; fileRef = 549F2A861F43C00D002E2C99 /* Tokens.swift */; };
/* End PBXBuildFile section */

/* Begin PBXCopyFilesBuildPhase section */
		546159051F427252005F970A /* CopyFiles */ = {
			isa = PBXCopyFilesBuildPhase;
			buildActionMask = 2147483647;
			dstPath = /usr/share/man/man1/;
			dstSubfolderSpec = 0;
			files = (
			);
			runOnlyForDeploymentPostprocessing = 1;
		};
/* End PBXCopyFilesBuildPhase section */

/* Begin PBXFileReference section */
		546159071F427252005F970A /* Spreadsheet */ = {isa = PBXFileReference; explicitFileType = "compiled.mach-o.executable"; includeInIndex = 0; path = Spreadsheet; sourceTree = BUILT_PRODUCTS_DIR; };
		546159131F42726E005F970A /* SpreadsheetGrammar.swift */ = {isa = PBXFileReference; fileEncoding = 4; lastKnownFileType = sourcecode.swift; path = SpreadsheetGrammar.swift; sourceTree = SOURCE_ROOT; };
		549F2A821F43BF54002E2C99 /* main.swift */ = {isa = PBXFileReference; fileEncoding = 4; lastKnownFileType = sourcecode.swift; path = main.swift; sourceTree = SOURCE_ROOT; };
		549F2A841F43BF5C002E2C99 /* GrammarRule.swift */ = {isa = PBXFileReference; fileEncoding = 4; lastKnownFileType = sourcecode.swift; path = GrammarRule.swift; sourceTree = SOURCE_ROOT; };
		549F2A861F43C00D002E2C99 /* Tokens.swift */ = {isa = PBXFileReference; fileEncoding = 4; lastKnownFileType = sourcecode.swift; path = Tokens.swift; sourceTree = SOURCE_ROOT; };
/* End PBXFileReference section */

/* Begin PBXFrameworksBuildPhase section */
		546159041F427252005F970A /* Frameworks */ = {
			isa = PBXFrameworksBuildPhase;
			buildActionMask = 2147483647;
			files = (
			);
			runOnlyForDeploymentPostprocessing = 0;
		};
/* End PBXFrameworksBuildPhase section */

/* Begin PBXGroup section */
		546158FE1F427252005F970A = {
			isa = PBXGroup;
			children = (
				546159091F427252005F970A /* Spreadsheet */,
				546159081F427252005F970A /* Products */,
			);
			sourceTree = "<group>";
		};
		546159081F427252005F970A /* Products */ = {
			isa = PBXGroup;
			children = (
				546159071F427252005F970A /* Spreadsheet */,
			);
			name = Products;
			sourceTree = "<group>";
		};
		546159091F427252005F970A /* Spreadsheet */ = {
			isa = PBXGroup;
			children = (
				549F2A821F43BF54002E2C99 /* main.swift */,
				549F2A841F43BF5C002E2C99 /* GrammarRule.swift */,
				546159131F42726E005F970A /* SpreadsheetGrammar.swift */,
				549F2A861F43C00D002E2C99 /* Tokens.swift */,
			);
			path = Spreadsheet;
			sourceTree = "<group>";
		};
/* End PBXGroup section */

/* Begin PBXNativeTarget section */
		546159061F427252005F970A /* Spreadsheet */ = {
			isa = PBXNativeTarget;
			buildConfigurationList = 5461590E1F427253005F970A /* Build configuration list for PBXNativeTarget "Spreadsheet" */;
			buildPhases = (
				546159031F427252005F970A /* Sources */,
				546159041F427252005F970A /* Frameworks */,
				546159051F427252005F970A /* CopyFiles */,
			);
			buildRules = (
			);
			dependencies = (
			);
			name = Spreadsheet;
			productName = Spreadsheet;
			productReference = 546159071F427252005F970A /* Spreadsheet */;
			productType = "com.apple.product-type.tool";
		};
/* End PBXNativeTarget section */

/* Begin PBXProject section */
		546158FF1F427252005F970A /* Project object */ = {
			isa = PBXProject;
			attributes = {
				LastSwiftUpdateCheck = 0830;
				LastUpgradeCheck = 0830;
				ORGANIZATIONNAME = "Tyler Baker";
				TargetAttributes = {
					546159061F427252005F970A = {
						CreatedOnToolsVersion = 8.3.3;
						DevelopmentTeam = MD3W797G9Y;
						ProvisioningStyle = Automatic;
					};
				};
			};
			buildConfigurationList = 546159021F427252005F970A /* Build configuration list for PBXProject "Spreadsheet" */;
			compatibilityVersion = "Xcode 3.2";
			developmentRegion = English;
			hasScannedForEncodings = 0;
			knownRegions = (
				en,
			);
			mainGroup = 546158FE1F427252005F970A;
			productRefGroup = 546159081F427252005F970A /* Products */;
			projectDirPath = "";
			projectRoot = "";
			targets = (
				546159061F427252005F970A /* Spreadsheet */,
			);
		};
/* End PBXProject section */

/* Begin PBXSourcesBuildPhase section */
		546159031F427252005F970A /* Sources */ = {
			isa = PBXSourcesBuildPhase;
			buildActionMask = 2147483647;
			files = (
				546159171F42726E005F970A /* SpreadsheetGrammar.swift in Sources */,
				549F2A831F43BF54002E2C99 /* main.swift in Sources */,
				549F2A851F43BF5C002E2C99 /* GrammarRule.swift in Sources */,
				549F2A871F43C00D002E2C99 /* Tokens.swift in Sources */,
			);
			runOnlyForDeploymentPostprocessing = 0;
		};
/* End PBXSourcesBuildPhase section */

/* Begin XCBuildConfiguration section */
		5461590C1F427253005F970A /* Debug */ = {
			isa = XCBuildConfiguration;
			buildSettings = {
				ALWAYS_SEARCH_USER_PATHS = NO;
				CLANG_ANALYZER_NONNULL = YES;
				CLANG_ANALYZER_NUMBER_OBJECT_CONVERSION = YES_AGGRESSIVE;
				CLANG_CXX_LANGUAGE_STANDARD = "gnu++0x";
				CLANG_CXX_LIBRARY = "libc++";
				CLANG_ENABLE_MODULES = YES;
				CLANG_ENABLE_OBJC_ARC = YES;
				CLANG_WARN_BOOL_CONVERSION = YES;
				CLANG_WARN_CONSTANT_CONVERSION = YES;
				CLANG_WARN_DIRECT_OBJC_ISA_USAGE = YES_ERROR;
				CLANG_WARN_DOCUMENTATION_COMMENTS = YES;
				CLANG_WARN_EMPTY_BODY = YES;
				CLANG_WARN_ENUM_CONVERSION = YES;
				CLANG_WARN_INFINITE_RECURSION = YES;
				CLANG_WARN_INT_CONVERSION = YES;
				CLANG_WARN_OBJC_ROOT_CLASS = YES_ERROR;
				CLANG_WARN_SUSPICIOUS_MOVE = YES;
				CLANG_WARN_UNREACHABLE_CODE = YES;
				CLANG_WARN__DUPLICATE_METHOD_MATCH = YES;
				CODE_SIGN_IDENTITY = "-";
				COPY_PHASE_STRIP = NO;
				DEBUG_INFORMATION_FORMAT = dwarf;
				ENABLE_STRICT_OBJC_MSGSEND = YES;
				ENABLE_TESTABILITY = YES;
				GCC_C_LANGUAGE_STANDARD = gnu99;
				GCC_DYNAMIC_NO_PIC = NO;
				GCC_NO_COMMON_BLOCKS = YES;
				GCC_OPTIMIZATION_LEVEL = 0;
				GCC_PREPROCESSOR_DEFINITIONS = (
					"DEBUG=1",
					"$(inherited)",
				);
				GCC_WARN_64_TO_32_BIT_CONVERSION = YES;
				GCC_WARN_ABOUT_RETURN_TYPE = YES_ERROR;
				GCC_WARN_UNDECLARED_SELECTOR = YES;
				GCC_WARN_UNINITIALIZED_AUTOS = YES_AGGRESSIVE;
				GCC_WARN_UNUSED_FUNCTION = YES;
				GCC_WARN_UNUSED_VARIABLE = YES;
				MACOSX_DEPLOYMENT_TARGET = 10.12;
				MTL_ENABLE_DEBUG_INFO = YES;
				ONLY_ACTIVE_ARCH = YES;
				SDKROOT = macosx;
				SWIFT_OPTIMIZATION_LEVEL = "-Onone";
			};
			name = Debug;
		};
		5461590D1F427253005F970A /* Release */ = {
			isa = XCBuildConfiguration;
			buildSettings = {
				ALWAYS_SEARCH_USER_PATHS = NO;
				CLANG_ANALYZER_NONNULL = YES;
				CLANG_ANALYZER_NUMBER_OBJECT_CONVERSION = YES_AGGRESSIVE;
				CLANG_CXX_LANGUAGE_STANDARD = "gnu++0x";
				CLANG_CXX_LIBRARY = "libc++";
				CLANG_ENABLE_MODULES = YES;
				CLANG_ENABLE_OBJC_ARC = YES;
				CLANG_WARN_BOOL_CONVERSION = YES;
				CLANG_WARN_CONSTANT_CONVERSION = YES;
				CLANG_WARN_DIRECT_OBJC_ISA_USAGE = YES_ERROR;
				CLANG_WARN_DOCUMENTATION_COMMENTS = YES;
				CLANG_WARN_EMPTY_BODY = YES;
				CLANG_WARN_ENUM_CONVERSION = YES;
				CLANG_WARN_INFINITE_RECURSION = YES;
				CLANG_WARN_INT_CONVERSION = YES;
				CLANG_WARN_OBJC_ROOT_CLASS = YES_ERROR;
				CLANG_WARN_SUSPICIOUS_MOVE = YES;
				CLANG_WARN_UNREACHABLE_CODE = YES;
				CLANG_WARN__DUPLICATE_METHOD_MATCH = YES;
				CODE_SIGN_IDENTITY = "-";
				COPY_PHASE_STRIP = NO;
				DEBUG_INFORMATION_FORMAT = "dwarf-with-dsym";
				ENABLE_NS_ASSERTIONS = NO;
				ENABLE_STRICT_OBJC_MSGSEND = YES;
				GCC_C_LANGUAGE_STANDARD = gnu99;
				GCC_NO_COMMON_BLOCKS = YES;
				GCC_WARN_64_TO_32_BIT_CONVERSION = YES;
				GCC_WARN_ABOUT_RETURN_TYPE = YES_ERROR;
				GCC_WARN_UNDECLARED_SELECTOR = YES;
				GCC_WARN_UNINITIALIZED_AUTOS = YES_AGGRESSIVE;
				GCC_WARN_UNUSED_FUNCTION = YES;
				GCC_WARN_UNUSED_VARIABLE = YES;
				MACOSX_DEPLOYMENT_TARGET = 10.12;
				MTL_ENABLE_DEBUG_INFO = NO;
				SDKROOT = macosx;
			};
			name = Release;
		};
		5461590F1F427253005F970A /* Debug */ = {
			isa = XCBuildConfiguration;
			buildSettings = {
				DEVELOPMENT_TEAM = MD3W797G9Y;
				PRODUCT_NAME = "$(TARGET_NAME)";
				SWIFT_VERSION = 3.0;
			};
			name = Debug;
		};
		546159101F427253005F970A /* Release */ = {
			isa = XCBuildConfiguration;
			buildSettings = {
				DEVELOPMENT_TEAM = MD3W797G9Y;
				PRODUCT_NAME = "$(TARGET_NAME)";
				SWIFT_VERSION = 3.0;
			};
			name = Release;
		};
/* End XCBuildConfiguration section */

/* Begin XCConfigurationList section */
		546159021F427252005F970A /* Build configuration list for PBXProject "Spreadsheet" */ = {
			isa = XCConfigurationList;
			buildConfigurations = (
				5461590C1F427253005F970A /* Debug */,
				5461590D1F427253005F970A /* Release */,
			);
			defaultConfigurationIsVisible = 0;
			defaultConfigurationName = Release;
		};
		5461590E1F427253005F970A /* Build configuration list for PBXNativeTarget "Spreadsheet" */ = {
			isa = XCConfigurationList;
			buildConfigurations = (
				5461590F1F427253005F970A /* Debug */,
				546159101F427253005F970A /* Release */,
			);
			defaultConfigurationIsVisible = 0;
			defaultConfigurationName = Release;
		};
/* End XCConfigurationList section */
	};
	rootObject = 546158FF1F427252005F970A /* Project object */;
}
